
Microsoft Visual Studio Solution File, Format Version 12.00
# Visual Studio Version 16
VisualStudioVersion = 16.0.29102.190
MinimumVisualStudioVersion = 10.0.40219.1
Project("{888888A0-9F3D-457C-B088-3A5042F75D52}") = "beautycrawl", "beautycrawl\beautycrawl.pyproj", "{64F14B49-46A3-4523-BBC3-FC10BDD339DC}"
EndProject
Global
	GlobalSection(SolutionConfigurationPlatforms) = preSolution
		Debug|Any CPU = Debug|Any CPU
		Release|Any CPU = Release|Any CPU
	EndGlobalSection
	GlobalSection(ProjectConfigurationPlatforms) = postSolution
		{64F14B49-46A3-4523-BBC3-FC10BDD339DC}.Debug|Any CPU.ActiveCfg = Debug|Any CPU
		{64F14B49-46A3-4523-BBC3-FC10BDD339DC}.Release|Any CPU.ActiveCfg = Release|Any CPU
	EndGlobalSection
	GlobalSection(SolutionProperties) = preSolution
		HideSolutionNode = FALSE
	EndGlobalSection
	GlobalSection(ExtensibilityGlobals) = postSolution
		SolutionGuid = {3AECEE8A-A282-4427-8925-1DCE22A345F1}
	EndGlobalSection
EndGlobal
